// !$*UTF8*$!
{
	archiveVersion = 1;
	classes = {
	};
	objectVersion = 50;
	objects = {

/* Begin PBXBuildFile section */
		1B2288A92EA0DBF576BEC273 /* Pods_FindDriver.framework in Frameworks */ = {isa = PBXBuildFile; fileRef = B48B396178F4AC33741D734A /* Pods_FindDriver.framework */; };
		2E12C90C22511F0D005FCC77 /* GoogleService-Info.plist in Resources */ = {isa = PBXBuildFile; fileRef = 2E12C90B22511F0C005FCC77 /* GoogleService-Info.plist */; };
		2E12C90F22517251005FCC77 /* RegistrationViewController.swift in Sources */ = {isa = PBXBuildFile; fileRef = 2E12C90E22517251005FCC77 /* RegistrationViewController.swift */; };
		2E12C9112251E515005FCC77 /* DriverTabBarController.swift in Sources */ = {isa = PBXBuildFile; fileRef = 2E12C9102251E515005FCC77 /* DriverTabBarController.swift */; };
		2E12C91322528056005FCC77 /* Owner.swift in Sources */ = {isa = PBXBuildFile; fileRef = 2E12C91222528056005FCC77 /* Owner.swift */; };
		2E12C915225280F0005FCC77 /* Driver.swift in Sources */ = {isa = PBXBuildFile; fileRef = 2E12C914225280F0005FCC77 /* Driver.swift */; };
		2E12C91722528248005FCC77 /* Vehicle.swift in Sources */ = {isa = PBXBuildFile; fileRef = 2E12C91622528248005FCC77 /* Vehicle.swift */; };
		2E12C919225282A3005FCC77 /* Payment.swift in Sources */ = {isa = PBXBuildFile; fileRef = 2E12C918225282A3005FCC77 /* Payment.swift */; };
		2EDA7B59224FB24000794AE2 /* AppDelegate.swift in Sources */ = {isa = PBXBuildFile; fileRef = 2EDA7B58224FB24000794AE2 /* AppDelegate.swift */; };
		2EDA7B5B224FB24000794AE2 /* ViewController.swift in Sources */ = {isa = PBXBuildFile; fileRef = 2EDA7B5A224FB24000794AE2 /* ViewController.swift */; };
		2EDA7B5E224FB24000794AE2 /* Main.storyboard in Resources */ = {isa = PBXBuildFile; fileRef = 2EDA7B5C224FB24000794AE2 /* Main.storyboard */; };
		2EDA7B61224FB24000794AE2 /* FindDriver.xcdatamodeld in Sources */ = {isa = PBXBuildFile; fileRef = 2EDA7B5F224FB24000794AE2 /* FindDriver.xcdatamodeld */; };
		2EDA7B63224FB24000794AE2 /* Assets.xcassets in Resources */ = {isa = PBXBuildFile; fileRef = 2EDA7B62224FB24000794AE2 /* Assets.xcassets */; };
		2EDA7B66224FB24000794AE2 /* LaunchScreen.storyboard in Resources */ = {isa = PBXBuildFile; fileRef = 2EDA7B64224FB24000794AE2 /* LaunchScreen.storyboard */; };
		2EE55E1122500301003FD9FB /* OwnerTabBarController.swift in Sources */ = {isa = PBXBuildFile; fileRef = 2EE55E1022500301003FD9FB /* OwnerTabBarController.swift */; };
		2EE55E1322500B47003FD9FB /* LoginViewController.swift in Sources */ = {isa = PBXBuildFile; fileRef = 2EE55E1222500B47003FD9FB /* LoginViewController.swift */; };
		2EE55E15225027D3003FD9FB /* PaymentsViewController.swift in Sources */ = {isa = PBXBuildFile; fileRef = 2EE55E14225027D3003FD9FB /* PaymentsViewController.swift */; };
		2EE55E1722503967003FD9FB /* TableViewCell.swift in Sources */ = {isa = PBXBuildFile; fileRef = 2EE55E1622503967003FD9FB /* TableViewCell.swift */; };
		2EE55E1922503B83003FD9FB /* AddEditTableViewController.swift in Sources */ = {isa = PBXBuildFile; fileRef = 2EE55E1822503B83003FD9FB /* AddEditTableViewController.swift */; };
/* End PBXBuildFile section */

/* Begin PBXFileReference section */
		2E12C90B22511F0C005FCC77 /* GoogleService-Info.plist */ = {isa = PBXFileReference; fileEncoding = 4; lastKnownFileType = text.plist.xml; path = "GoogleService-Info.plist"; sourceTree = "<group>"; };
		2E12C90E22517251005FCC77 /* RegistrationViewController.swift */ = {isa = PBXFileReference; lastKnownFileType = sourcecode.swift; path = RegistrationViewController.swift; sourceTree = "<group>"; };
		2E12C9102251E515005FCC77 /* DriverTabBarController.swift */ = {isa = PBXFileReference; lastKnownFileType = sourcecode.swift; path = DriverTabBarController.swift; sourceTree = "<group>"; };
		2E12C91222528056005FCC77 /* Owner.swift */ = {isa = PBXFileReference; lastKnownFileType = sourcecode.swift; path = Owner.swift; sourceTree = "<group>"; };
		2E12C914225280F0005FCC77 /* Driver.swift */ = {isa = PBXFileReference; lastKnownFileType = sourcecode.swift; path = Driver.swift; sourceTree = "<group>"; };
		2E12C91622528248005FCC77 /* Vehicle.swift */ = {isa = PBXFileReference; lastKnownFileType = sourcecode.swift; path = Vehicle.swift; sourceTree = "<group>"; };
		2E12C918225282A3005FCC77 /* Payment.swift */ = {isa = PBXFileReference; lastKnownFileType = sourcecode.swift; path = Payment.swift; sourceTree = "<group>"; };
		2EDA7B55224FB24000794AE2 /* FindDriver.app */ = {isa = PBXFileReference; explicitFileType = wrapper.application; includeInIndex = 0; path = FindDriver.app; sourceTree = BUILT_PRODUCTS_DIR; };
		2EDA7B58224FB24000794AE2 /* AppDelegate.swift */ = {isa = PBXFileReference; lastKnownFileType = sourcecode.swift; path = AppDelegate.swift; sourceTree = "<group>"; };
		2EDA7B5A224FB24000794AE2 /* ViewController.swift */ = {isa = PBXFileReference; lastKnownFileType = sourcecode.swift; path = ViewController.swift; sourceTree = "<group>"; };
		2EDA7B5D224FB24000794AE2 /* Base */ = {isa = PBXFileReference; lastKnownFileType = file.storyboard; name = Base; path = Base.lproj/Main.storyboard; sourceTree = "<group>"; };
		2EDA7B60224FB24000794AE2 /* FindDriver.xcdatamodel */ = {isa = PBXFileReference; lastKnownFileType = wrapper.xcdatamodel; path = FindDriver.xcdatamodel; sourceTree = "<group>"; };
		2EDA7B62224FB24000794AE2 /* Assets.xcassets */ = {isa = PBXFileReference; lastKnownFileType = folder.assetcatalog; path = Assets.xcassets; sourceTree = "<group>"; };
		2EDA7B65224FB24000794AE2 /* Base */ = {isa = PBXFileReference; lastKnownFileType = file.storyboard; name = Base; path = Base.lproj/LaunchScreen.storyboard; sourceTree = "<group>"; };
		2EDA7B67224FB24000794AE2 /* Info.plist */ = {isa = PBXFileReference; lastKnownFileType = text.plist.xml; path = Info.plist; sourceTree = "<group>"; };
		2EE55E1022500301003FD9FB /* OwnerTabBarController.swift */ = {isa = PBXFileReference; lastKnownFileType = sourcecode.swift; path = OwnerTabBarController.swift; sourceTree = "<group>"; };
		2EE55E1222500B47003FD9FB /* LoginViewController.swift */ = {isa = PBXFileReference; lastKnownFileType = sourcecode.swift; path = LoginViewController.swift; sourceTree = "<group>"; };
		2EE55E14225027D3003FD9FB /* PaymentsViewController.swift */ = {isa = PBXFileReference; lastKnownFileType = sourcecode.swift; path = PaymentsViewController.swift; sourceTree = "<group>"; };
		2EE55E1622503967003FD9FB /* TableViewCell.swift */ = {isa = PBXFileReference; lastKnownFileType = sourcecode.swift; path = TableViewCell.swift; sourceTree = "<group>"; };
		2EE55E1822503B83003FD9FB /* AddEditTableViewController.swift */ = {isa = PBXFileReference; lastKnownFileType = sourcecode.swift; path = AddEditTableViewController.swift; sourceTree = "<group>"; };
		B48B396178F4AC33741D734A /* Pods_FindDriver.framework */ = {isa = PBXFileReference; explicitFileType = wrapper.framework; includeInIndex = 0; path = Pods_FindDriver.framework; sourceTree = BUILT_PRODUCTS_DIR; };
		B975586099A5B95DECECD0EB /* Pods-FindDriver.release.xcconfig */ = {isa = PBXFileReference; includeInIndex = 1; lastKnownFileType = text.xcconfig; name = "Pods-FindDriver.release.xcconfig"; path = "Target Support Files/Pods-FindDriver/Pods-FindDriver.release.xcconfig"; sourceTree = "<group>"; };
		C98F8F36603A02C16830B4E7 /* Pods-FindDriver.debug.xcconfig */ = {isa = PBXFileReference; includeInIndex = 1; lastKnownFileType = text.xcconfig; name = "Pods-FindDriver.debug.xcconfig"; path = "Target Support Files/Pods-FindDriver/Pods-FindDriver.debug.xcconfig"; sourceTree = "<group>"; };
/* End PBXFileReference section */

/* Begin PBXFrameworksBuildPhase section */
		2EDA7B52224FB24000794AE2 /* Frameworks */ = {
			isa = PBXFrameworksBuildPhase;
			buildActionMask = 2147483647;
			files = (
				1B2288A92EA0DBF576BEC273 /* Pods_FindDriver.framework in Frameworks */,
			);
			runOnlyForDeploymentPostprocessing = 0;
		};
/* End PBXFrameworksBuildPhase section */

/* Begin PBXGroup section */
		2E12C90D22511F52005FCC77 /* Supporting Files */ = {
			isa = PBXGroup;
			children = (
				2EDA7B67224FB24000794AE2 /* Info.plist */,
				2E12C90B22511F0C005FCC77 /* GoogleService-Info.plist */,
			);
			name = "Supporting Files";
			sourceTree = "<group>";
		};
		2EDA7B4C224FB24000794AE2 = {
			isa = PBXGroup;
			children = (
				2EDA7B57224FB24000794AE2 /* FindDriver */,
				2EDA7B56224FB24000794AE2 /* Products */,
				4E5294D438873BCFBBC3532D /* Pods */,
				84EA8CD4FC4459E8F5227790 /* Frameworks */,
			);
			sourceTree = "<group>";
		};
		2EDA7B56224FB24000794AE2 /* Products */ = {
			isa = PBXGroup;
			children = (
				2EDA7B55224FB24000794AE2 /* FindDriver.app */,
			);
			name = Products;
			sourceTree = "<group>";
		};
		2EDA7B57224FB24000794AE2 /* FindDriver */ = {
			isa = PBXGroup;
			children = (
				2EDA7B6D224FB29600794AE2 /* Model */,
				2EDA7B6E224FB2AE00794AE2 /* View */,
				2EDA7B6F224FB2B500794AE2 /* Controller */,
				2EDA7B62224FB24000794AE2 /* Assets.xcassets */,
				2E12C90D22511F52005FCC77 /* Supporting Files */,
				2EDA7B5F224FB24000794AE2 /* FindDriver.xcdatamodeld */,
			);
			path = FindDriver;
			sourceTree = "<group>";
		};
		2EDA7B6D224FB29600794AE2 /* Model */ = {
			isa = PBXGroup;
			children = (
				2E12C91222528056005FCC77 /* Owner.swift */,
				2E12C914225280F0005FCC77 /* Driver.swift */,
				2E12C91622528248005FCC77 /* Vehicle.swift */,
				2E12C918225282A3005FCC77 /* Payment.swift */,
			);
			path = Model;
			sourceTree = "<group>";
		};
		2EDA7B6E224FB2AE00794AE2 /* View */ = {
			isa = PBXGroup;
			children = (
				2EDA7B5C224FB24000794AE2 /* Main.storyboard */,
				2EDA7B64224FB24000794AE2 /* LaunchScreen.storyboard */,
			);
			path = View;
			sourceTree = "<group>";
		};
		2EDA7B6F224FB2B500794AE2 /* Controller */ = {
			isa = PBXGroup;
			children = (
				2EDA7B58224FB24000794AE2 /* AppDelegate.swift */,
				2E12C90E22517251005FCC77 /* RegistrationViewController.swift */,
				2EDA7B5A224FB24000794AE2 /* ViewController.swift */,
				2EE55E1622503967003FD9FB /* TableViewCell.swift */,
				2EE55E14225027D3003FD9FB /* PaymentsViewController.swift */,
				2E12C9102251E515005FCC77 /* DriverTabBarController.swift */,
				2EE55E1222500B47003FD9FB /* LoginViewController.swift */,
				2EE55E1022500301003FD9FB /* OwnerTabBarController.swift */,
				2EE55E1822503B83003FD9FB /* AddEditTableViewController.swift */,
			);
			path = Controller;
			sourceTree = "<group>";
		};
		4E5294D438873BCFBBC3532D /* Pods */ = {
			isa = PBXGroup;
			children = (
				C98F8F36603A02C16830B4E7 /* Pods-FindDriver.debug.xcconfig */,
				B975586099A5B95DECECD0EB /* Pods-FindDriver.release.xcconfig */,
			);
			path = Pods;
			sourceTree = "<group>";
		};
		84EA8CD4FC4459E8F5227790 /* Frameworks */ = {
			isa = PBXGroup;
			children = (
				B48B396178F4AC33741D734A /* Pods_FindDriver.framework */,
			);
			name = Frameworks;
			sourceTree = "<group>";
		};
/* End PBXGroup section */

/* Begin PBXNativeTarget section */
		2EDA7B54224FB24000794AE2 /* FindDriver */ = {
			isa = PBXNativeTarget;
			buildConfigurationList = 2EDA7B6A224FB24000794AE2 /* Build configuration list for PBXNativeTarget "FindDriver" */;
			buildPhases = (
				D5617A65F1C7673DB340837A /* [CP] Check Pods Manifest.lock */,
				2EDA7B51224FB24000794AE2 /* Sources */,
				2EDA7B52224FB24000794AE2 /* Frameworks */,
				2EDA7B53224FB24000794AE2 /* Resources */,
				917DFC0EC231C0D786B15001 /* [CP] Embed Pods Frameworks */,
			);
			buildRules = (
			);
			dependencies = (
			);
			name = FindDriver;
			productName = FindDriver;
			productReference = 2EDA7B55224FB24000794AE2 /* FindDriver.app */;
			productType = "com.apple.product-type.application";
		};
/* End PBXNativeTarget section */

/* Begin PBXProject section */
		2EDA7B4D224FB24000794AE2 /* Project object */ = {
			isa = PBXProject;
			attributes = {
				LastSwiftUpdateCheck = 1010;
				LastUpgradeCheck = 1010;
				ORGANIZATIONNAME = "Miad Azarmehr";
				TargetAttributes = {
					2EDA7B54224FB24000794AE2 = {
						CreatedOnToolsVersion = 10.1;
					};
				};
			};
			buildConfigurationList = 2EDA7B50224FB24000794AE2 /* Build configuration list for PBXProject "FindDriver" */;
			compatibilityVersion = "Xcode 9.3";
			developmentRegion = en;
			hasScannedForEncodings = 0;
			knownRegions = (
				en,
				Base,
			);
			mainGroup = 2EDA7B4C224FB24000794AE2;
			productRefGroup = 2EDA7B56224FB24000794AE2 /* Products */;
			projectDirPath = "";
			projectRoot = "";
			targets = (
				2EDA7B54224FB24000794AE2 /* FindDriver */,
			);
		};
/* End PBXProject section */

/* Begin PBXResourcesBuildPhase section */
		2EDA7B53224FB24000794AE2 /* Resources */ = {
			isa = PBXResourcesBuildPhase;
			buildActionMask = 2147483647;
			files = (
				2EDA7B66224FB24000794AE2 /* LaunchScreen.storyboard in Resources */,
				2E12C90C22511F0D005FCC77 /* GoogleService-Info.plist in Resources */,
				2EDA7B63224FB24000794AE2 /* Assets.xcassets in Resources */,
				2EDA7B5E224FB24000794AE2 /* Main.storyboard in Resources */,
			);
			runOnlyForDeploymentPostprocessing = 0;
		};
/* End PBXResourcesBuildPhase section */

/* Begin PBXShellScriptBuildPhase section */
		917DFC0EC231C0D786B15001 /* [CP] Embed Pods Frameworks */ = {
			isa = PBXShellScriptBuildPhase;
			buildActionMask = 2147483647;
			files = (
			);
			inputFileListPaths = (
			);
			inputPaths = (
				"${PODS_ROOT}/Target Support Files/Pods-FindDriver/Pods-FindDriver-frameworks.sh",
				"${BUILT_PRODUCTS_DIR}/ChameleonFramework/ChameleonFramework.framework",
				"${BUILT_PRODUCTS_DIR}/GTMSessionFetcher/GTMSessionFetcher.framework",
				"${BUILT_PRODUCTS_DIR}/GoogleUtilities/GoogleUtilities.framework",
				"${BUILT_PRODUCTS_DIR}/SVProgressHUD/SVProgressHUD.framework",
				"${BUILT_PRODUCTS_DIR}/leveldb-library/leveldb.framework",
				"${BUILT_PRODUCTS_DIR}/nanopb/nanopb.framework",
			);
			name = "[CP] Embed Pods Frameworks";
			outputFileListPaths = (
			);
			outputPaths = (
				"${TARGET_BUILD_DIR}/${FRAMEWORKS_FOLDER_PATH}/ChameleonFramework.framework",
				"${TARGET_BUILD_DIR}/${FRAMEWORKS_FOLDER_PATH}/GTMSessionFetcher.framework",
				"${TARGET_BUILD_DIR}/${FRAMEWORKS_FOLDER_PATH}/GoogleUtilities.framework",
				"${TARGET_BUILD_DIR}/${FRAMEWORKS_FOLDER_PATH}/SVProgressHUD.framework",
				"${TARGET_BUILD_DIR}/${FRAMEWORKS_FOLDER_PATH}/leveldb.framework",
				"${TARGET_BUILD_DIR}/${FRAMEWORKS_FOLDER_PATH}/nanopb.framework",
			);
			runOnlyForDeploymentPostprocessing = 0;
			shellPath = /bin/sh;
			shellScript = "\"${PODS_ROOT}/Target Support Files/Pods-FindDriver/Pods-FindDriver-frameworks.sh\"\n";
			showEnvVarsInLog = 0;
		};
		D5617A65F1C7673DB340837A /* [CP] Check Pods Manifest.lock */ = {
			isa = PBXShellScriptBuildPhase;
			buildActionMask = 2147483647;
			files = (
			);
			inputFileListPaths = (
			);
			inputPaths = (
				"${PODS_PODFILE_DIR_PATH}/Podfile.lock",
				"${PODS_ROOT}/Manifest.lock",
			);
			name = "[CP] Check Pods Manifest.lock";
			outputFileListPaths = (
			);
			outputPaths = (
				"$(DERIVED_FILE_DIR)/Pods-FindDriver-checkManifestLockResult.txt",
			);
			runOnlyForDeploymentPostprocessing = 0;
			shellPath = /bin/sh;
			shellScript = "diff \"${PODS_PODFILE_DIR_PATH}/Podfile.lock\" \"${PODS_ROOT}/Manifest.lock\" > /dev/null\nif [ $? != 0 ] ; then\n    # print error to STDERR\n    echo \"error: The sandbox is not in sync with the Podfile.lock. Run 'pod install' or update your CocoaPods installation.\" >&2\n    exit 1\nfi\n# This output is used by Xcode 'outputs' to avoid re-running this script phase.\necho \"SUCCESS\" > \"${SCRIPT_OUTPUT_FILE_0}\"\n";
			showEnvVarsInLog = 0;
		};
/* End PBXShellScriptBuildPhase section */

/* Begin PBXSourcesBuildPhase section */
		2EDA7B51224FB24000794AE2 /* Sources */ = {
			isa = PBXSourcesBuildPhase;
			buildActionMask = 2147483647;
			files = (
				2E12C91722528248005FCC77 /* Vehicle.swift in Sources */,
				2EDA7B5B224FB24000794AE2 /* ViewController.swift in Sources */,
				2E12C919225282A3005FCC77 /* Payment.swift in Sources */,
				2EDA7B61224FB24000794AE2 /* FindDriver.xcdatamodeld in Sources */,
				2EE55E1922503B83003FD9FB /* AddEditTableViewController.swift in Sources */,
				2E12C915225280F0005FCC77 /* Driver.swift in Sources */,
				2E12C90F22517251005FCC77 /* RegistrationViewController.swift in Sources */,
				2EE55E1122500301003FD9FB /* OwnerTabBarController.swift in Sources */,
				2E12C9112251E515005FCC77 /* DriverTabBarController.swift in Sources */,
				2EE55E15225027D3003FD9FB /* PaymentsViewController.swift in Sources */,
				2EE55E1322500B47003FD9FB /* LoginViewController.swift in Sources */,
				2E12C91322528056005FCC77 /* Owner.swift in Sources */,
				2EE55E1722503967003FD9FB /* TableViewCell.swift in Sources */,
				2EDA7B59224FB24000794AE2 /* AppDelegate.swift in Sources */,
			);
			runOnlyForDeploymentPostprocessing = 0;
		};
/* End PBXSourcesBuildPhase section */

/* Begin PBXVariantGroup section */
		2EDA7B5C224FB24000794AE2 /* Main.storyboard */ = {
			isa = PBXVariantGroup;
			children = (
				2EDA7B5D224FB24000794AE2 /* Base */,
			);
			name = Main.storyboard;
			sourceTree = "<group>";
		};
		2EDA7B64224FB24000794AE2 /* LaunchScreen.storyboard */ = {
			isa = PBXVariantGroup;
			children = (
				2EDA7B65224FB24000794AE2 /* Base */,
			);
			name = LaunchScreen.storyboard;
			sourceTree = "<group>";
		};
/* End PBXVariantGroup section */

/* Begin XCBuildConfiguration section */
		2EDA7B68224FB24000794AE2 /* Debug */ = {
			isa = XCBuildConfiguration;
			buildSettings = {
				ALWAYS_SEARCH_USER_PATHS = NO;
				CLANG_ANALYZER_NONNULL = YES;
				CLANG_ANALYZER_NUMBER_OBJECT_CONVERSION = YES_AGGRESSIVE;
				CLANG_CXX_LANGUAGE_STANDARD = "gnu++14";
				CLANG_CXX_LIBRARY = "libc++";
				CLANG_ENABLE_MODULES = YES;
				CLANG_ENABLE_OBJC_ARC = YES;
				CLANG_ENABLE_OBJC_WEAK = YES;
				CLANG_WARN_BLOCK_CAPTURE_AUTORELEASING = YES;
				CLANG_WARN_BOOL_CONVERSION = YES;
				CLANG_WARN_COMMA = YES;
				CLANG_WARN_CONSTANT_CONVERSION = YES;
				CLANG_WARN_DEPRECATED_OBJC_IMPLEMENTATIONS = YES;
				CLANG_WARN_DIRECT_OBJC_ISA_USAGE = YES_ERROR;
				CLANG_WARN_DOCUMENTATION_COMMENTS = YES;
				CLANG_WARN_EMPTY_BODY = YES;
				CLANG_WARN_ENUM_CONVERSION = YES;
				CLANG_WARN_INFINITE_RECURSION = YES;
				CLANG_WARN_INT_CONVERSION = YES;
				CLANG_WARN_NON_LITERAL_NULL_CONVERSION = YES;
				CLANG_WARN_OBJC_IMPLICIT_RETAIN_SELF = YES;
				CLANG_WARN_OBJC_LITERAL_CONVERSION = YES;
				CLANG_WARN_OBJC_ROOT_CLASS = YES_ERROR;
				CLANG_WARN_RANGE_LOOP_ANALYSIS = YES;
				CLANG_WARN_STRICT_PROTOTYPES = YES;
				CLANG_WARN_SUSPICIOUS_MOVE = YES;
				CLANG_WARN_UNGUARDED_AVAILABILITY = YES_AGGRESSIVE;
				CLANG_WARN_UNREACHABLE_CODE = YES;
				CLANG_WARN__DUPLICATE_METHOD_MATCH = YES;
				CODE_SIGN_IDENTITY = "iPhone Developer";
				COPY_PHASE_STRIP = NO;
				DEBUG_INFORMATION_FORMAT = dwarf;
				ENABLE_STRICT_OBJC_MSGSEND = YES;
				ENABLE_TESTABILITY = YES;
				GCC_C_LANGUAGE_STANDARD = gnu11;
				GCC_DYNAMIC_NO_PIC = NO;
				GCC_NO_COMMON_BLOCKS = YES;
				GCC_OPTIMIZATION_LEVEL = 0;
				GCC_PREPROCESSOR_DEFINITIONS = (
					"DEBUG=1",
					"$(inherited)",
				);
				GCC_WARN_64_TO_32_BIT_CONVERSION = YES;
				GCC_WARN_ABOUT_RETURN_TYPE = YES_ERROR;
				GCC_WARN_UNDECLARED_SELECTOR = YES;
				GCC_WARN_UNINITIALIZED_AUTOS = YES_AGGRESSIVE;
				GCC_WARN_UNUSED_FUNCTION = YES;
				GCC_WARN_UNUSED_VARIABLE = YES;
				IPHONEOS_DEPLOYMENT_TARGET = 12.1;
				MTL_ENABLE_DEBUG_INFO = INCLUDE_SOURCE;
				MTL_FAST_MATH = YES;
				ONLY_ACTIVE_ARCH = YES;
				SDKROOT = iphoneos;
				SWIFT_ACTIVE_COMPILATION_CONDITIONS = DEBUG;
				SWIFT_OPTIMIZATION_LEVEL = "-Onone";
			};
			name = Debug;
		};
		2EDA7B69224FB24000794AE2 /* Release */ = {
			isa = XCBuildConfiguration;
			buildSettings = {
				ALWAYS_SEARCH_USER_PATHS = NO;
				CLANG_ANALYZER_NONNULL = YES;
				CLANG_ANALYZER_NUMBER_OBJECT_CONVERSION = YES_AGGRESSIVE;
				CLANG_CXX_LANGUAGE_STANDARD = "gnu++14";
				CLANG_CXX_LIBRARY = "libc++";
				CLANG_ENABLE_MODULES = YES;
				CLANG_ENABLE_OBJC_ARC = YES;
				CLANG_ENABLE_OBJC_WEAK = YES;
				CLANG_WARN_BLOCK_CAPTURE_AUTORELEASING = YES;
				CLANG_WARN_BOOL_CONVERSION = YES;
				CLANG_WARN_COMMA = YES;
				CLANG_WARN_CONSTANT_CONVERSION = YES;
				CLANG_WARN_DEPRECATED_OBJC_IMPLEMENTATIONS = YES;
				CLANG_WARN_DIRECT_OBJC_ISA_USAGE = YES_ERROR;
				CLANG_WARN_DOCUMENTATION_COMMENTS = YES;
				CLANG_WARN_EMPTY_BODY = YES;
				CLANG_WARN_ENUM_CONVERSION = YES;
				CLANG_WARN_INFINITE_RECURSION = YES;
				CLANG_WARN_INT_CONVERSION = YES;
				CLANG_WARN_NON_LITERAL_NULL_CONVERSION = YES;
				CLANG_WARN_OBJC_IMPLICIT_RETAIN_SELF = YES;
				CLANG_WARN_OBJC_LITERAL_CONVERSION = YES;
				CLANG_WARN_OBJC_ROOT_CLASS = YES_ERROR;
				CLANG_WARN_RANGE_LOOP_ANALYSIS = YES;
				CLANG_WARN_STRICT_PROTOTYPES = YES;
				CLANG_WARN_SUSPICIOUS_MOVE = YES;
				CLANG_WARN_UNGUARDED_AVAILABILITY = YES_AGGRESSIVE;
				CLANG_WARN_UNREACHABLE_CODE = YES;
				CLANG_WARN__DUPLICATE_METHOD_MATCH = YES;
				CODE_SIGN_IDENTITY = "iPhone Developer";
				COPY_PHASE_STRIP = NO;
				DEBUG_INFORMATION_FORMAT = "dwarf-with-dsym";
				ENABLE_NS_ASSERTIONS = NO;
				ENABLE_STRICT_OBJC_MSGSEND = YES;
				GCC_C_LANGUAGE_STANDARD = gnu11;
				GCC_NO_COMMON_BLOCKS = YES;
				GCC_WARN_64_TO_32_BIT_CONVERSION = YES;
				GCC_WARN_ABOUT_RETURN_TYPE = YES_ERROR;
				GCC_WARN_UNDECLARED_SELECTOR = YES;
				GCC_WARN_UNINITIALIZED_AUTOS = YES_AGGRESSIVE;
				GCC_WARN_UNUSED_FUNCTION = YES;
				GCC_WARN_UNUSED_VARIABLE = YES;
				IPHONEOS_DEPLOYMENT_TARGET = 12.1;
				MTL_ENABLE_DEBUG_INFO = NO;
				MTL_FAST_MATH = YES;
				SDKROOT = iphoneos;
				SWIFT_COMPILATION_MODE = wholemodule;
				SWIFT_OPTIMIZATION_LEVEL = "-O";
				VALIDATE_PRODUCT = YES;
			};
			name = Release;
		};
		2EDA7B6B224FB24000794AE2 /* Debug */ = {
			isa = XCBuildConfiguration;
			baseConfigurationReference = C98F8F36603A02C16830B4E7 /* Pods-FindDriver.debug.xcconfig */;
			buildSettings = {
				ASSETCATALOG_COMPILER_APPICON_NAME = AppIcon;
				CODE_SIGN_STYLE = Automatic;
				DEVELOPMENT_TEAM = 4UN2ZA4TX7;
				INFOPLIST_FILE = FindDriver/Info.plist;
				LD_RUNPATH_SEARCH_PATHS = (
					"$(inherited)",
					"@executable_path/Frameworks",
				);
				PRODUCT_BUNDLE_IDENTIFIER = ca.miadapps.findDriver.FindDriver;
				PRODUCT_NAME = "$(TARGET_NAME)";
				SWIFT_VERSION = 4.2;
				TARGETED_DEVICE_FAMILY = "1,2";
			};
			name = Debug;
		};
		2EDA7B6C224FB24000794AE2 /* Release */ = {
			isa = XCBuildConfiguration;
			baseConfigurationReference = B975586099A5B95DECECD0EB /* Pods-FindDriver.release.xcconfig */;
			buildSettings = {
				ASSETCATALOG_COMPILER_APPICON_NAME = AppIcon;
				CODE_SIGN_STYLE = Automatic;
				DEVELOPMENT_TEAM = 4UN2ZA4TX7;
				INFOPLIST_FILE = FindDriver/Info.plist;
				LD_RUNPATH_SEARCH_PATHS = (
					"$(inherited)",
					"@executable_path/Frameworks",
				);
				PRODUCT_BUNDLE_IDENTIFIER = ca.miadapps.findDriver.FindDriver;
				PRODUCT_NAME = "$(TARGET_NAME)";
				SWIFT_VERSION = 4.2;
				TARGETED_DEVICE_FAMILY = "1,2";
			};
			name = Release;
		};
/* End XCBuildConfiguration section */

/* Begin XCConfigurationList section */
		2EDA7B50224FB24000794AE2 /* Build configuration list for PBXProject "FindDriver" */ = {
			isa = XCConfigurationList;
			buildConfigurations = (
				2EDA7B68224FB24000794AE2 /* Debug */,
				2EDA7B69224FB24000794AE2 /* Release */,
			);
			defaultConfigurationIsVisible = 0;
			defaultConfigurationName = Release;
		};
		2EDA7B6A224FB24000794AE2 /* Build configuration list for PBXNativeTarget "FindDriver" */ = {
			isa = XCConfigurationList;
			buildConfigurations = (
				2EDA7B6B224FB24000794AE2 /* Debug */,
				2EDA7B6C224FB24000794AE2 /* Release */,
			);
			defaultConfigurationIsVisible = 0;
			defaultConfigurationName = Release;
		};
/* End XCConfigurationList section */

/* Begin XCVersionGroup section */
		2EDA7B5F224FB24000794AE2 /* FindDriver.xcdatamodeld */ = {
			isa = XCVersionGroup;
			children = (
				2EDA7B60224FB24000794AE2 /* FindDriver.xcdatamodel */,
			);
			currentVersion = 2EDA7B60224FB24000794AE2 /* FindDriver.xcdatamodel */;
			path = FindDriver.xcdatamodeld;
			sourceTree = "<group>";
			versionGroupType = wrapper.xcdatamodel;
		};
/* End XCVersionGroup section */
	};
	rootObject = 2EDA7B4D224FB24000794AE2 /* Project object */;
}
